
Microsoft Visual Studio Solution File, Format Version 12.00
# Visual Studio 2013
VisualStudioVersion = 12.0.30723.0
MinimumVisualStudioVersion = 10.0.40219.1
Project("{2150E333-8FDC-42A3-9474-1A3956D46DE8}") = "Lib", "Lib", "{09715792-7A50-4A11-9609-7EB1DAA3D515}"
	ProjectSection(SolutionItems) = preProject
		Lib\log4net.dll = Lib\log4net.dll
		Lib\log4net.xml = Lib\log4net.xml
		..\..\..\..\Program Files (x86)\RabbitMQ\DotNetClient\bin\RabbitMQ.Client.dll = ..\..\..\..\Program Files (x86)\RabbitMQ\DotNetClient\bin\RabbitMQ.Client.dll
		..\..\..\..\Program Files (x86)\RabbitMQ\DotNetClient\bin\RabbitMQ.Client.xml = ..\..\..\..\Program Files (x86)\RabbitMQ\DotNetClient\bin\RabbitMQ.Client.xml
		Lib\Sciendo.Common.dll = Lib\Sciendo.Common.dll
		Lib\Sciendo.Common.pdb = Lib\Sciendo.Common.pdb
	EndProjectSection
EndProject
Project("{FAE04EC0-301F-11D3-BF4B-00C04F79EFBC}") = "MySynch.Q.Sender", "MySynch.Q.Sender\MySynch.Q.Sender.csproj", "{3DA88B89-1B9F-4A96-B67F-316EC723A0D0}"
EndProject
Project("{FAE04EC0-301F-11D3-BF4B-00C04F79EFBC}") = "MySynch.Q.Receiver", "MySynch.Q.Receiver\MySynch.Q.Receiver.csproj", "{198409E4-F53B-4B7C-B5E7-70E8AF6223AA}"
EndProject
Project("{FAE04EC0-301F-11D3-BF4B-00C04F79EFBC}") = "MySynch.Q.Common", "MySynch.Q.Common\MySynch.Q.Common.csproj", "{696F72F6-22A7-41EF-A57D-0876B593721E}"
EndProject
Global
	GlobalSection(SolutionConfigurationPlatforms) = preSolution
		Debug|Any CPU = Debug|Any CPU
		Release|Any CPU = Release|Any CPU
	EndGlobalSection
	GlobalSection(ProjectConfigurationPlatforms) = postSolution
		{3DA88B89-1B9F-4A96-B67F-316EC723A0D0}.Debug|Any CPU.ActiveCfg = Debug|Any CPU
		{3DA88B89-1B9F-4A96-B67F-316EC723A0D0}.Debug|Any CPU.Build.0 = Debug|Any CPU
		{3DA88B89-1B9F-4A96-B67F-316EC723A0D0}.Release|Any CPU.ActiveCfg = Release|Any CPU
		{3DA88B89-1B9F-4A96-B67F-316EC723A0D0}.Release|Any CPU.Build.0 = Release|Any CPU
		{198409E4-F53B-4B7C-B5E7-70E8AF6223AA}.Debug|Any CPU.ActiveCfg = Debug|Any CPU
		{198409E4-F53B-4B7C-B5E7-70E8AF6223AA}.Debug|Any CPU.Build.0 = Debug|Any CPU
		{198409E4-F53B-4B7C-B5E7-70E8AF6223AA}.Release|Any CPU.ActiveCfg = Release|Any CPU
		{198409E4-F53B-4B7C-B5E7-70E8AF6223AA}.Release|Any CPU.Build.0 = Release|Any CPU
		{696F72F6-22A7-41EF-A57D-0876B593721E}.Debug|Any CPU.ActiveCfg = Debug|Any CPU
		{696F72F6-22A7-41EF-A57D-0876B593721E}.Debug|Any CPU.Build.0 = Debug|Any CPU
		{696F72F6-22A7-41EF-A57D-0876B593721E}.Release|Any CPU.ActiveCfg = Release|Any CPU
		{696F72F6-22A7-41EF-A57D-0876B593721E}.Release|Any CPU.Build.0 = Release|Any CPU
	EndGlobalSection
	GlobalSection(SolutionProperties) = preSolution
		HideSolutionNode = FALSE
	EndGlobalSection
EndGlobal
